// !$*UTF8*$!
{
	archiveVersion = 1;
	classes = {
	};
	objectVersion = 55;
	objects = {

/* Begin PBXBuildFile section */
		BB3BBCBC279316B200F8A53E /* OnBoardingView.swift in Sources */ = {isa = PBXBuildFile; fileRef = BB3BBCBB279316B200F8A53E /* OnBoardingView.swift */; };
		BB3BBCBE279316CE00F8A53E /* HomeView.swift in Sources */ = {isa = PBXBuildFile; fileRef = BB3BBCBD279316CE00F8A53E /* HomeView.swift */; };
		BB3BBCC027932C1700F8A53E /* CircleGroupView.swift in Sources */ = {isa = PBXBuildFile; fileRef = BB3BBCBF27932C1700F8A53E /* CircleGroupView.swift */; };
		BB3BBCC2279476A300F8A53E /* AudioPlayer.swift in Sources */ = {isa = PBXBuildFile; fileRef = BB3BBCC1279476A300F8A53E /* AudioPlayer.swift */; };
		BBB2E54E2781C59100C57D40 /* Resta_AnimatoApp.swift in Sources */ = {isa = PBXBuildFile; fileRef = BBB2E54D2781C59100C57D40 /* Resta_AnimatoApp.swift */; };
		BBB2E5502781C59100C57D40 /* ContentView.swift in Sources */ = {isa = PBXBuildFile; fileRef = BBB2E54F2781C59100C57D40 /* ContentView.swift */; };
		BBB2E5522781C59300C57D40 /* Assets.xcassets in Resources */ = {isa = PBXBuildFile; fileRef = BBB2E5512781C59300C57D40 /* Assets.xcassets */; };
		BBB2E5552781C59300C57D40 /* Preview Assets.xcassets in Resources */ = {isa = PBXBuildFile; fileRef = BBB2E5542781C59300C57D40 /* Preview Assets.xcassets */; };
		BBB2E55D2784209900C57D40 /* chimeup.mp3 in Resources */ = {isa = PBXBuildFile; fileRef = BBB2E55B2784209900C57D40 /* chimeup.mp3 */; };
		BBB2E55E2784209900C57D40 /* success.m4a in Resources */ = {isa = PBXBuildFile; fileRef = BBB2E55C2784209900C57D40 /* success.m4a */; };
/* End PBXBuildFile section */

/* Begin PBXFileReference section */
		BB3BBCBA2793160900F8A53E /* Resta-Animato-Info.plist */ = {isa = PBXFileReference; lastKnownFileType = text.plist; path = "Resta-Animato-Info.plist"; sourceTree = SOURCE_ROOT; };
		BB3BBCBB279316B200F8A53E /* OnBoardingView.swift */ = {isa = PBXFileReference; lastKnownFileType = sourcecode.swift; path = OnBoardingView.swift; sourceTree = "<group>"; };
		BB3BBCBD279316CE00F8A53E /* HomeView.swift */ = {isa = PBXFileReference; lastKnownFileType = sourcecode.swift; path = HomeView.swift; sourceTree = "<group>"; };
		BB3BBCBF27932C1700F8A53E /* CircleGroupView.swift */ = {isa = PBXFileReference; lastKnownFileType = sourcecode.swift; path = CircleGroupView.swift; sourceTree = "<group>"; };
		BB3BBCC1279476A300F8A53E /* AudioPlayer.swift */ = {isa = PBXFileReference; lastKnownFileType = sourcecode.swift; path = AudioPlayer.swift; sourceTree = "<group>"; };
		BBB2E54A2781C59100C57D40 /* Resta Animato.app */ = {isa = PBXFileReference; explicitFileType = wrapper.application; includeInIndex = 0; path = "Resta Animato.app"; sourceTree = BUILT_PRODUCTS_DIR; };
		BBB2E54D2781C59100C57D40 /* Resta_AnimatoApp.swift */ = {isa = PBXFileReference; lastKnownFileType = sourcecode.swift; path = Resta_AnimatoApp.swift; sourceTree = "<group>"; };
		BBB2E54F2781C59100C57D40 /* ContentView.swift */ = {isa = PBXFileReference; lastKnownFileType = sourcecode.swift; path = ContentView.swift; sourceTree = "<group>"; };
		BBB2E5512781C59300C57D40 /* Assets.xcassets */ = {isa = PBXFileReference; lastKnownFileType = folder.assetcatalog; path = Assets.xcassets; sourceTree = "<group>"; };
		BBB2E5542781C59300C57D40 /* Preview Assets.xcassets */ = {isa = PBXFileReference; lastKnownFileType = folder.assetcatalog; path = "Preview Assets.xcassets"; sourceTree = "<group>"; };
		BBB2E55B2784209900C57D40 /* chimeup.mp3 */ = {isa = PBXFileReference; lastKnownFileType = audio.mp3; path = chimeup.mp3; sourceTree = "<group>"; };
		BBB2E55C2784209900C57D40 /* success.m4a */ = {isa = PBXFileReference; lastKnownFileType = file; path = success.m4a; sourceTree = "<group>"; };
/* End PBXFileReference section */

/* Begin PBXFrameworksBuildPhase section */
		BBB2E5472781C59100C57D40 /* Frameworks */ = {
			isa = PBXFrameworksBuildPhase;
			buildActionMask = 2147483647;
			files = (
			);
			runOnlyForDeploymentPostprocessing = 0;
		};
/* End PBXFrameworksBuildPhase section */

/* Begin PBXGroup section */
		BB3BBCB72793148500F8A53E /* Screens */ = {
			isa = PBXGroup;
			children = (
				BBB2E54F2781C59100C57D40 /* ContentView.swift */,
				BB3BBCBB279316B200F8A53E /* OnBoardingView.swift */,
				BB3BBCBD279316CE00F8A53E /* HomeView.swift */,
			);
			path = Screens;
			sourceTree = "<group>";
		};
		BB3BBCB8279314A400F8A53E /* Views */ = {
			isa = PBXGroup;
			children = (
				BB3BBCBF27932C1700F8A53E /* CircleGroupView.swift */,
			);
			path = Views;
			sourceTree = "<group>";
		};
		BB3BBCB9279314C400F8A53E /* Utilities */ = {
			isa = PBXGroup;
			children = (
				BB3BBCC1279476A300F8A53E /* AudioPlayer.swift */,
			);
			path = Utilities;
			sourceTree = "<group>";
		};
		BBB2E5412781C59100C57D40 = {
			isa = PBXGroup;
			children = (
				BBB2E54C2781C59100C57D40 /* Resta Animato */,
				BBB2E54B2781C59100C57D40 /* Products */,
			);
			sourceTree = "<group>";
		};
		BBB2E54B2781C59100C57D40 /* Products */ = {
			isa = PBXGroup;
			children = (
				BBB2E54A2781C59100C57D40 /* Resta Animato.app */,
			);
			name = Products;
			sourceTree = "<group>";
		};
		BBB2E54C2781C59100C57D40 /* Resta Animato */ = {
			isa = PBXGroup;
			children = (
				BB3BBCBA2793160900F8A53E /* Resta-Animato-Info.plist */,
				BB3BBCB9279314C400F8A53E /* Utilities */,
				BB3BBCB8279314A400F8A53E /* Views */,
				BBB2E560278420C100C57D40 /* Sounds */,
				BBB2E54D2781C59100C57D40 /* Resta_AnimatoApp.swift */,
				BB3BBCB72793148500F8A53E /* Screens */,
				BBB2E5512781C59300C57D40 /* Assets.xcassets */,
				BBB2E5532781C59300C57D40 /* Preview Content */,
			);
			path = "Resta Animato";
			sourceTree = "<group>";
		};
		BBB2E5532781C59300C57D40 /* Preview Content */ = {
			isa = PBXGroup;
			children = (
				BBB2E5542781C59300C57D40 /* Preview Assets.xcassets */,
			);
			path = "Preview Content";
			sourceTree = "<group>";
		};
		BBB2E560278420C100C57D40 /* Sounds */ = {
			isa = PBXGroup;
			children = (
				BBB2E55B2784209900C57D40 /* chimeup.mp3 */,
				BBB2E55C2784209900C57D40 /* success.m4a */,
			);
			path = Sounds;
			sourceTree = "<group>";
		};
/* End PBXGroup section */

/* Begin PBXNativeTarget section */
		BBB2E5492781C59100C57D40 /* Resta Animato */ = {
			isa = PBXNativeTarget;
			buildConfigurationList = BBB2E5582781C59300C57D40 /* Build configuration list for PBXNativeTarget "Resta Animato" */;
			buildPhases = (
				BBB2E5462781C59100C57D40 /* Sources */,
				BBB2E5472781C59100C57D40 /* Frameworks */,
				BBB2E5482781C59100C57D40 /* Resources */,
			);
			buildRules = (
			);
			dependencies = (
			);
			name = "Resta Animato";
			productName = "Resta Animato";
			productReference = BBB2E54A2781C59100C57D40 /* Resta Animato.app */;
			productType = "com.apple.product-type.application";
		};
/* End PBXNativeTarget section */

/* Begin PBXProject section */
		BBB2E5422781C59100C57D40 /* Project object */ = {
			isa = PBXProject;
			attributes = {
				BuildIndependentTargetsInParallel = 1;
				LastSwiftUpdateCheck = 1320;
				LastUpgradeCheck = 1320;
				TargetAttributes = {
					BBB2E5492781C59100C57D40 = {
						CreatedOnToolsVersion = 13.2.1;
					};
				};
			};
			buildConfigurationList = BBB2E5452781C59100C57D40 /* Build configuration list for PBXProject "Resta Animato" */;
			compatibilityVersion = "Xcode 13.0";
			developmentRegion = en;
			hasScannedForEncodings = 0;
			knownRegions = (
				en,
				Base,
			);
			mainGroup = BBB2E5412781C59100C57D40;
			productRefGroup = BBB2E54B2781C59100C57D40 /* Products */;
			projectDirPath = "";
			projectRoot = "";
			targets = (
				BBB2E5492781C59100C57D40 /* Resta Animato */,
			);
		};
/* End PBXProject section */

/* Begin PBXResourcesBuildPhase section */
		BBB2E5482781C59100C57D40 /* Resources */ = {
			isa = PBXResourcesBuildPhase;
			buildActionMask = 2147483647;
			files = (
				BBB2E55E2784209900C57D40 /* success.m4a in Resources */,
				BBB2E55D2784209900C57D40 /* chimeup.mp3 in Resources */,
				BBB2E5552781C59300C57D40 /* Preview Assets.xcassets in Resources */,
				BBB2E5522781C59300C57D40 /* Assets.xcassets in Resources */,
			);
			runOnlyForDeploymentPostprocessing = 0;
		};
/* End PBXResourcesBuildPhase section */

/* Begin PBXSourcesBuildPhase section */
		BBB2E5462781C59100C57D40 /* Sources */ = {
			isa = PBXSourcesBuildPhase;
			buildActionMask = 2147483647;
			files = (
				BB3BBCC027932C1700F8A53E /* CircleGroupView.swift in Sources */,
				BB3BBCBC279316B200F8A53E /* OnBoardingView.swift in Sources */,
				BB3BBCBE279316CE00F8A53E /* HomeView.swift in Sources */,
				BBB2E5502781C59100C57D40 /* ContentView.swift in Sources */,
				BBB2E54E2781C59100C57D40 /* Resta_AnimatoApp.swift in Sources */,
				BB3BBCC2279476A300F8A53E /* AudioPlayer.swift in Sources */,
			);
			runOnlyForDeploymentPostprocessing = 0;
		};
/* End PBXSourcesBuildPhase section */

/* Begin XCBuildConfiguration section */
		BBB2E5562781C59300C57D40 /* Debug */ = {
			isa = XCBuildConfiguration;
			buildSettings = {
				ALWAYS_SEARCH_USER_PATHS = NO;
				CLANG_ANALYZER_NONNULL = YES;
				CLANG_ANALYZER_NUMBER_OBJECT_CONVERSION = YES_AGGRESSIVE;
				CLANG_CXX_LANGUAGE_STANDARD = "gnu++17";
				CLANG_CXX_LIBRARY = "libc++";
				CLANG_ENABLE_MODULES = YES;
				CLANG_ENABLE_OBJC_ARC = YES;
				CLANG_ENABLE_OBJC_WEAK = YES;
				CLANG_WARN_BLOCK_CAPTURE_AUTORELEASING = YES;
				CLANG_WARN_BOOL_CONVERSION = YES;
				CLANG_WARN_COMMA = YES;
				CLANG_WARN_CONSTANT_CONVERSION = YES;
				CLANG_WARN_DEPRECATED_OBJC_IMPLEMENTATIONS = YES;
				CLANG_WARN_DIRECT_OBJC_ISA_USAGE = YES_ERROR;
				CLANG_WARN_DOCUMENTATION_COMMENTS = YES;
				CLANG_WARN_EMPTY_BODY = YES;
				CLANG_WARN_ENUM_CONVERSION = YES;
				CLANG_WARN_INFINITE_RECURSION = YES;
				CLANG_WARN_INT_CONVERSION = YES;
				CLANG_WARN_NON_LITERAL_NULL_CONVERSION = YES;
				CLANG_WARN_OBJC_IMPLICIT_RETAIN_SELF = YES;
				CLANG_WARN_OBJC_LITERAL_CONVERSION = YES;
				CLANG_WARN_OBJC_ROOT_CLASS = YES_ERROR;
				CLANG_WARN_QUOTED_INCLUDE_IN_FRAMEWORK_HEADER = YES;
				CLANG_WARN_RANGE_LOOP_ANALYSIS = YES;
				CLANG_WARN_STRICT_PROTOTYPES = YES;
				CLANG_WARN_SUSPICIOUS_MOVE = YES;
				CLANG_WARN_UNGUARDED_AVAILABILITY = YES_AGGRESSIVE;
				CLANG_WARN_UNREACHABLE_CODE = YES;
				CLANG_WARN__DUPLICATE_METHOD_MATCH = YES;
				COPY_PHASE_STRIP = NO;
				DEBUG_INFORMATION_FORMAT = dwarf;
				ENABLE_STRICT_OBJC_MSGSEND = YES;
				ENABLE_TESTABILITY = YES;
				GCC_C_LANGUAGE_STANDARD = gnu11;
				GCC_DYNAMIC_NO_PIC = NO;
				GCC_NO_COMMON_BLOCKS = YES;
				GCC_OPTIMIZATION_LEVEL = 0;
				GCC_PREPROCESSOR_DEFINITIONS = (
					"DEBUG=1",
					"$(inherited)",
				);
				GCC_WARN_64_TO_32_BIT_CONVERSION = YES;
				GCC_WARN_ABOUT_RETURN_TYPE = YES_ERROR;
				GCC_WARN_UNDECLARED_SELECTOR = YES;
				GCC_WARN_UNINITIALIZED_AUTOS = YES_AGGRESSIVE;
				GCC_WARN_UNUSED_FUNCTION = YES;
				GCC_WARN_UNUSED_VARIABLE = YES;
				IPHONEOS_DEPLOYMENT_TARGET = 15.2;
				MTL_ENABLE_DEBUG_INFO = INCLUDE_SOURCE;
				MTL_FAST_MATH = YES;
				ONLY_ACTIVE_ARCH = YES;
				SDKROOT = iphoneos;
				SWIFT_ACTIVE_COMPILATION_CONDITIONS = DEBUG;
				SWIFT_OPTIMIZATION_LEVEL = "-Onone";
			};
			name = Debug;
		};
		BBB2E5572781C59300C57D40 /* Release */ = {
			isa = XCBuildConfiguration;
			buildSettings = {
				ALWAYS_SEARCH_USER_PATHS = NO;
				CLANG_ANALYZER_NONNULL = YES;
				CLANG_ANALYZER_NUMBER_OBJECT_CONVERSION = YES_AGGRESSIVE;
				CLANG_CXX_LANGUAGE_STANDARD = "gnu++17";
				CLANG_CXX_LIBRARY = "libc++";
				CLANG_ENABLE_MODULES = YES;
				CLANG_ENABLE_OBJC_ARC = YES;
				CLANG_ENABLE_OBJC_WEAK = YES;
				CLANG_WARN_BLOCK_CAPTURE_AUTORELEASING = YES;
				CLANG_WARN_BOOL_CONVERSION = YES;
				CLANG_WARN_COMMA = YES;
				CLANG_WARN_CONSTANT_CONVERSION = YES;
				CLANG_WARN_DEPRECATED_OBJC_IMPLEMENTATIONS = YES;
				CLANG_WARN_DIRECT_OBJC_ISA_USAGE = YES_ERROR;
				CLANG_WARN_DOCUMENTATION_COMMENTS = YES;
				CLANG_WARN_EMPTY_BODY = YES;
				CLANG_WARN_ENUM_CONVERSION = YES;
				CLANG_WARN_INFINITE_RECURSION = YES;
				CLANG_WARN_INT_CONVERSION = YES;
				CLANG_WARN_NON_LITERAL_NULL_CONVERSION = YES;
				CLANG_WARN_OBJC_IMPLICIT_RETAIN_SELF = YES;
				CLANG_WARN_OBJC_LITERAL_CONVERSION = YES;
				CLANG_WARN_OBJC_ROOT_CLASS = YES_ERROR;
				CLANG_WARN_QUOTED_INCLUDE_IN_FRAMEWORK_HEADER = YES;
				CLANG_WARN_RANGE_LOOP_ANALYSIS = YES;
				CLANG_WARN_STRICT_PROTOTYPES = YES;
				CLANG_WARN_SUSPICIOUS_MOVE = YES;
				CLANG_WARN_UNGUARDED_AVAILABILITY = YES_AGGRESSIVE;
				CLANG_WARN_UNREACHABLE_CODE = YES;
				CLANG_WARN__DUPLICATE_METHOD_MATCH = YES;
				COPY_PHASE_STRIP = NO;
				DEBUG_INFORMATION_FORMAT = "dwarf-with-dsym";
				ENABLE_NS_ASSERTIONS = NO;
				ENABLE_STRICT_OBJC_MSGSEND = YES;
				GCC_C_LANGUAGE_STANDARD = gnu11;
				GCC_NO_COMMON_BLOCKS = YES;
				GCC_WARN_64_TO_32_BIT_CONVERSION = YES;
				GCC_WARN_ABOUT_RETURN_TYPE = YES_ERROR;
				GCC_WARN_UNDECLARED_SELECTOR = YES;
				GCC_WARN_UNINITIALIZED_AUTOS = YES_AGGRESSIVE;
				GCC_WARN_UNUSED_FUNCTION = YES;
				GCC_WARN_UNUSED_VARIABLE = YES;
				IPHONEOS_DEPLOYMENT_TARGET = 15.2;
				MTL_ENABLE_DEBUG_INFO = NO;
				MTL_FAST_MATH = YES;
				SDKROOT = iphoneos;
				SWIFT_COMPILATION_MODE = wholemodule;
				SWIFT_OPTIMIZATION_LEVEL = "-O";
				VALIDATE_PRODUCT = YES;
			};
			name = Release;
		};
		BBB2E5592781C59300C57D40 /* Debug */ = {
			isa = XCBuildConfiguration;
			buildSettings = {
				ASSETCATALOG_COMPILER_APPICON_NAME = AppIcon;
				ASSETCATALOG_COMPILER_GLOBAL_ACCENT_COLOR_NAME = AccentColor;
				CODE_SIGN_STYLE = Automatic;
				CURRENT_PROJECT_VERSION = 1;
				DEVELOPMENT_ASSET_PATHS = "\"Resta Animato/Preview Content\"";
				DEVELOPMENT_TEAM = 5X5ZG6YAYR;
				ENABLE_PREVIEWS = YES;
				GENERATE_INFOPLIST_FILE = YES;
				INFOPLIST_FILE = "Resta-Animato-Info.plist";
				INFOPLIST_KEY_UIApplicationSceneManifest_Generation = YES;
				INFOPLIST_KEY_UIApplicationSupportsIndirectInputEvents = YES;
				INFOPLIST_KEY_UISupportedInterfaceOrientations = UIInterfaceOrientationPortrait;
				INFOPLIST_KEY_UISupportedInterfaceOrientations_iPad = "UIInterfaceOrientationPortrait UIInterfaceOrientationPortraitUpsideDown UIInterfaceOrientationLandscapeLeft UIInterfaceOrientationLandscapeRight";
				INFOPLIST_KEY_UISupportedInterfaceOrientations_iPhone = UIInterfaceOrientationPortrait;
				LD_RUNPATH_SEARCH_PATHS = (
					"$(inherited)",
					"@executable_path/Frameworks",
				);
				MARKETING_VERSION = 1.0;
				PRODUCT_BUNDLE_IDENTIFIER = "me.ameerhamza.Resta-Animato";
				PRODUCT_NAME = "$(TARGET_NAME)";
				SWIFT_EMIT_LOC_STRINGS = YES;
				SWIFT_VERSION = 5.0;
				TARGETED_DEVICE_FAMILY = "1,2";
			};
			name = Debug;
		};
		BBB2E55A2781C59300C57D40 /* Release */ = {
			isa = XCBuildConfiguration;
			buildSettings = {
				ASSETCATALOG_COMPILER_APPICON_NAME = AppIcon;
				ASSETCATALOG_COMPILER_GLOBAL_ACCENT_COLOR_NAME = AccentColor;
				CODE_SIGN_STYLE = Automatic;
				CURRENT_PROJECT_VERSION = 1;
				DEVELOPMENT_ASSET_PATHS = "\"Resta Animato/Preview Content\"";
				DEVELOPMENT_TEAM = 5X5ZG6YAYR;
				ENABLE_PREVIEWS = YES;
				GENERATE_INFOPLIST_FILE = YES;
				INFOPLIST_FILE = "Resta-Animato-Info.plist";
				INFOPLIST_KEY_UIApplicationSceneManifest_Generation = YES;
				INFOPLIST_KEY_UIApplicationSupportsIndirectInputEvents = YES;
				INFOPLIST_KEY_UISupportedInterfaceOrientations = UIInterfaceOrientationPortrait;
				INFOPLIST_KEY_UISupportedInterfaceOrientations_iPad = "UIInterfaceOrientationPortrait UIInterfaceOrientationPortraitUpsideDown UIInterfaceOrientationLandscapeLeft UIInterfaceOrientationLandscapeRight";
				INFOPLIST_KEY_UISupportedInterfaceOrientations_iPhone = UIInterfaceOrientationPortrait;
				LD_RUNPATH_SEARCH_PATHS = (
					"$(inherited)",
					"@executable_path/Frameworks",
				);
				MARKETING_VERSION = 1.0;
				PRODUCT_BUNDLE_IDENTIFIER = "me.ameerhamza.Resta-Animato";
				PRODUCT_NAME = "$(TARGET_NAME)";
				SWIFT_EMIT_LOC_STRINGS = YES;
				SWIFT_VERSION = 5.0;
				TARGETED_DEVICE_FAMILY = "1,2";
			};
			name = Release;
		};
/* End XCBuildConfiguration section */

/* Begin XCConfigurationList section */
		BBB2E5452781C59100C57D40 /* Build configuration list for PBXProject "Resta Animato" */ = {
			isa = XCConfigurationList;
			buildConfigurations = (
				BBB2E5562781C59300C57D40 /* Debug */,
				BBB2E5572781C59300C57D40 /* Release */,
			);
			defaultConfigurationIsVisible = 0;
			defaultConfigurationName = Release;
		};
		BBB2E5582781C59300C57D40 /* Build configuration list for PBXNativeTarget "Resta Animato" */ = {
			isa = XCConfigurationList;
			buildConfigurations = (
				BBB2E5592781C59300C57D40 /* Debug */,
				BBB2E55A2781C59300C57D40 /* Release */,
			);
			defaultConfigurationIsVisible = 0;
			defaultConfigurationName = Release;
		};
/* End XCConfigurationList section */
	};
	rootObject = BBB2E5422781C59100C57D40 /* Project object */;
}
